
Microsoft Visual Studio Solution File, Format Version 12.00
# Visual Studio Version 16
VisualStudioVersion = 16.0.30011.22
MinimumVisualStudioVersion = 10.0.40219.1
Project("{FAE04EC0-301F-11D3-BF4B-00C04F79EFBC}") = "ANN", "ANN\ANN.csproj", "{617F8125-11F9-4516-A2A0-A8D412FA04B2}"
EndProject
Project("{FAE04EC0-301F-11D3-BF4B-00C04F79EFBC}") = "합성곱신경망_CNN", "Convolution-Neural-Network\합성곱신경망_CNN.csproj", "{315D8F84-5974-41B4-A290-7C179E96CDFB}"
EndProject
Global
	GlobalSection(SolutionConfigurationPlatforms) = preSolution
		Debug|Any CPU = Debug|Any CPU
		Release|Any CPU = Release|Any CPU
	EndGlobalSection
	GlobalSection(ProjectConfigurationPlatforms) = postSolution
		{617F8125-11F9-4516-A2A0-A8D412FA04B2}.Debug|Any CPU.ActiveCfg = Debug|Any CPU
		{617F8125-11F9-4516-A2A0-A8D412FA04B2}.Debug|Any CPU.Build.0 = Debug|Any CPU
		{617F8125-11F9-4516-A2A0-A8D412FA04B2}.Release|Any CPU.ActiveCfg = Release|Any CPU
		{617F8125-11F9-4516-A2A0-A8D412FA04B2}.Release|Any CPU.Build.0 = Release|Any CPU
		{315D8F84-5974-41B4-A290-7C179E96CDFB}.Debug|Any CPU.ActiveCfg = Debug|Any CPU
		{315D8F84-5974-41B4-A290-7C179E96CDFB}.Debug|Any CPU.Build.0 = Debug|Any CPU
		{315D8F84-5974-41B4-A290-7C179E96CDFB}.Release|Any CPU.ActiveCfg = Release|Any CPU
		{315D8F84-5974-41B4-A290-7C179E96CDFB}.Release|Any CPU.Build.0 = Release|Any CPU
	EndGlobalSection
	GlobalSection(SolutionProperties) = preSolution
		HideSolutionNode = FALSE
	EndGlobalSection
	GlobalSection(ExtensibilityGlobals) = postSolution
		SolutionGuid = {554209DE-265E-4389-AD3A-B695B193210E}
	EndGlobalSection
EndGlobal
